
Microsoft Visual Studio Solution File, Format Version 12.00
# Visual Studio 2015
Project("{FAE04EC0-301F-11D3-BF4B-00C04F79EFBC}") = "AamirProject.Plugins", "AamirProject.Plugins.csproj", "{B0133FEE-AA41-5126-1FCD-773B3D61ABF0}"
EndProject
Project("{FAE04EC0-301F-11D3-BF4B-00C04F79EFBC}") = "AamirProject", "AamirProject.csproj", "{405404AC-6832-D3E1-0A46-0E5516596B3C}"
EndProject
Project("{FAE04EC0-301F-11D3-BF4B-00C04F79EFBC}") = "AamirProject.Editor", "AamirProject.Editor.csproj", "{43355FF2-2E23-89FE-71F2-B9B698916174}"
EndProject
Global
	GlobalSection(SolutionConfigurationPlatforms) = preSolution
		Debug|Any CPU = Debug|Any CPU
		Release|Any CPU = Release|Any CPU
	EndGlobalSection
	GlobalSection(ProjectConfigurationPlatforms) = postSolution
		{B0133FEE-AA41-5126-1FCD-773B3D61ABF0}.Debug|Any CPU.ActiveCfg = Debug|Any CPU
		{B0133FEE-AA41-5126-1FCD-773B3D61ABF0}.Debug|Any CPU.Build.0 = Debug|Any CPU
		{B0133FEE-AA41-5126-1FCD-773B3D61ABF0}.Release|Any CPU.ActiveCfg = Release|Any CPU
		{B0133FEE-AA41-5126-1FCD-773B3D61ABF0}.Release|Any CPU.Build.0 = Release|Any CPU
		{405404AC-6832-D3E1-0A46-0E5516596B3C}.Debug|Any CPU.ActiveCfg = Debug|Any CPU
		{405404AC-6832-D3E1-0A46-0E5516596B3C}.Debug|Any CPU.Build.0 = Debug|Any CPU
		{405404AC-6832-D3E1-0A46-0E5516596B3C}.Release|Any CPU.ActiveCfg = Release|Any CPU
		{405404AC-6832-D3E1-0A46-0E5516596B3C}.Release|Any CPU.Build.0 = Release|Any CPU
		{43355FF2-2E23-89FE-71F2-B9B698916174}.Debug|Any CPU.ActiveCfg = Debug|Any CPU
		{43355FF2-2E23-89FE-71F2-B9B698916174}.Debug|Any CPU.Build.0 = Debug|Any CPU
		{43355FF2-2E23-89FE-71F2-B9B698916174}.Release|Any CPU.ActiveCfg = Release|Any CPU
		{43355FF2-2E23-89FE-71F2-B9B698916174}.Release|Any CPU.Build.0 = Release|Any CPU
	EndGlobalSection
	GlobalSection(SolutionProperties) = preSolution
		HideSolutionNode = FALSE
	EndGlobalSection
EndGlobal
